
Microsoft Visual Studio Solution File, Format Version 12.00
# Visual Studio 15
VisualStudioVersion = 15.0.26730.10
MinimumVisualStudioVersion = 10.0.40219.1
Project("{D954291E-2A0B-460D-934E-DC6B0785DB48}") = "CountingApp", "CountingApp\CountingApp\CountingApp.shproj", "{F802C8BA-30DE-4A05-87D5-9D6A4E3D6F09}"
EndProject
Project("{FAE04EC0-301F-11D3-BF4B-00C04F79EFBC}") = "CountingApp.Android", "CountingApp\CountingApp.Android\CountingApp.Android.csproj", "{3F21E1C9-7E71-412C-81A3-39B7E7EBE283}"
EndProject
Project("{FAE04EC0-301F-11D3-BF4B-00C04F79EFBC}") = "CountingApp.iOS", "CountingApp\CountingApp.iOS\CountingApp.iOS.csproj", "{7E2E194C-649F-4376-A716-683349E0FF43}"
EndProject
Global
	GlobalSection(SharedMSBuildProjectFiles) = preSolution
		CountingApp\CountingApp\CountingApp.projitems*{3f21e1c9-7e71-412c-81a3-39b7e7ebe283}*SharedItemsImports = 4
		CountingApp\CountingApp\CountingApp.projitems*{7e2e194c-649f-4376-a716-683349e0ff43}*SharedItemsImports = 4
		CountingApp\CountingApp\CountingApp.projitems*{f802c8ba-30de-4a05-87d5-9d6a4e3d6f09}*SharedItemsImports = 13
	EndGlobalSection
	GlobalSection(SolutionConfigurationPlatforms) = preSolution
		Ad-Hoc|Any CPU = Ad-Hoc|Any CPU
		Ad-Hoc|iPhone = Ad-Hoc|iPhone
		Ad-Hoc|iPhoneSimulator = Ad-Hoc|iPhoneSimulator
		AppStore|Any CPU = AppStore|Any CPU
		AppStore|iPhone = AppStore|iPhone
		AppStore|iPhoneSimulator = AppStore|iPhoneSimulator
		Debug|Any CPU = Debug|Any CPU
		Debug|iPhone = Debug|iPhone
		Debug|iPhoneSimulator = Debug|iPhoneSimulator
		Release|Any CPU = Release|Any CPU
		Release|iPhone = Release|iPhone
		Release|iPhoneSimulator = Release|iPhoneSimulator
	EndGlobalSection
	GlobalSection(ProjectConfigurationPlatforms) = postSolution
		{3F21E1C9-7E71-412C-81A3-39B7E7EBE283}.Ad-Hoc|Any CPU.ActiveCfg = Release|Any CPU
		{3F21E1C9-7E71-412C-81A3-39B7E7EBE283}.Ad-Hoc|Any CPU.Build.0 = Release|Any CPU
		{3F21E1C9-7E71-412C-81A3-39B7E7EBE283}.Ad-Hoc|Any CPU.Deploy.0 = Release|Any CPU
		{3F21E1C9-7E71-412C-81A3-39B7E7EBE283}.Ad-Hoc|iPhone.ActiveCfg = Release|Any CPU
		{3F21E1C9-7E71-412C-81A3-39B7E7EBE283}.Ad-Hoc|iPhone.Build.0 = Release|Any CPU
		{3F21E1C9-7E71-412C-81A3-39B7E7EBE283}.Ad-Hoc|iPhone.Deploy.0 = Release|Any CPU
		{3F21E1C9-7E71-412C-81A3-39B7E7EBE283}.Ad-Hoc|iPhoneSimulator.ActiveCfg = Release|Any CPU
		{3F21E1C9-7E71-412C-81A3-39B7E7EBE283}.Ad-Hoc|iPhoneSimulator.Build.0 = Release|Any CPU
		{3F21E1C9-7E71-412C-81A3-39B7E7EBE283}.Ad-Hoc|iPhoneSimulator.Deploy.0 = Release|Any CPU
		{3F21E1C9-7E71-412C-81A3-39B7E7EBE283}.AppStore|Any CPU.ActiveCfg = Release|Any CPU
		{3F21E1C9-7E71-412C-81A3-39B7E7EBE283}.AppStore|Any CPU.Build.0 = Release|Any CPU
		{3F21E1C9-7E71-412C-81A3-39B7E7EBE283}.AppStore|Any CPU.Deploy.0 = Release|Any CPU
		{3F21E1C9-7E71-412C-81A3-39B7E7EBE283}.AppStore|iPhone.ActiveCfg = Release|Any CPU
		{3F21E1C9-7E71-412C-81A3-39B7E7EBE283}.AppStore|iPhone.Build.0 = Release|Any CPU
		{3F21E1C9-7E71-412C-81A3-39B7E7EBE283}.AppStore|iPhone.Deploy.0 = Release|Any CPU
		{3F21E1C9-7E71-412C-81A3-39B7E7EBE283}.AppStore|iPhoneSimulator.ActiveCfg = Release|Any CPU
		{3F21E1C9-7E71-412C-81A3-39B7E7EBE283}.AppStore|iPhoneSimulator.Build.0 = Release|Any CPU
		{3F21E1C9-7E71-412C-81A3-39B7E7EBE283}.AppStore|iPhoneSimulator.Deploy.0 = Release|Any CPU
		{3F21E1C9-7E71-412C-81A3-39B7E7EBE283}.Debug|Any CPU.ActiveCfg = Debug|Any CPU
		{3F21E1C9-7E71-412C-81A3-39B7E7EBE283}.Debug|Any CPU.Build.0 = Debug|Any CPU
		{3F21E1C9-7E71-412C-81A3-39B7E7EBE283}.Debug|Any CPU.Deploy.0 = Debug|Any CPU
		{3F21E1C9-7E71-412C-81A3-39B7E7EBE283}.Debug|iPhone.ActiveCfg = Debug|Any CPU
		{3F21E1C9-7E71-412C-81A3-39B7E7EBE283}.Debug|iPhone.Build.0 = Debug|Any CPU
		{3F21E1C9-7E71-412C-81A3-39B7E7EBE283}.Debug|iPhone.Deploy.0 = Debug|Any CPU
		{3F21E1C9-7E71-412C-81A3-39B7E7EBE283}.Debug|iPhoneSimulator.ActiveCfg = Debug|Any CPU
		{3F21E1C9-7E71-412C-81A3-39B7E7EBE283}.Debug|iPhoneSimulator.Build.0 = Debug|Any CPU
		{3F21E1C9-7E71-412C-81A3-39B7E7EBE283}.Debug|iPhoneSimulator.Deploy.0 = Debug|Any CPU
		{3F21E1C9-7E71-412C-81A3-39B7E7EBE283}.Release|Any CPU.ActiveCfg = Release|Any CPU
		{3F21E1C9-7E71-412C-81A3-39B7E7EBE283}.Release|Any CPU.Build.0 = Release|Any CPU
		{3F21E1C9-7E71-412C-81A3-39B7E7EBE283}.Release|Any CPU.Deploy.0 = Release|Any CPU
		{3F21E1C9-7E71-412C-81A3-39B7E7EBE283}.Release|iPhone.ActiveCfg = Release|Any CPU
		{3F21E1C9-7E71-412C-81A3-39B7E7EBE283}.Release|iPhone.Build.0 = Release|Any CPU
		{3F21E1C9-7E71-412C-81A3-39B7E7EBE283}.Release|iPhone.Deploy.0 = Release|Any CPU
		{3F21E1C9-7E71-412C-81A3-39B7E7EBE283}.Release|iPhoneSimulator.ActiveCfg = Release|Any CPU
		{3F21E1C9-7E71-412C-81A3-39B7E7EBE283}.Release|iPhoneSimulator.Build.0 = Release|Any CPU
		{3F21E1C9-7E71-412C-81A3-39B7E7EBE283}.Release|iPhoneSimulator.Deploy.0 = Release|Any CPU
		{7E2E194C-649F-4376-A716-683349E0FF43}.Ad-Hoc|Any CPU.ActiveCfg = Ad-Hoc|iPhone
		{7E2E194C-649F-4376-A716-683349E0FF43}.Ad-Hoc|iPhone.ActiveCfg = Ad-Hoc|iPhone
		{7E2E194C-649F-4376-A716-683349E0FF43}.Ad-Hoc|iPhone.Build.0 = Ad-Hoc|iPhone
		{7E2E194C-649F-4376-A716-683349E0FF43}.Ad-Hoc|iPhoneSimulator.ActiveCfg = Ad-Hoc|iPhoneSimulator
		{7E2E194C-649F-4376-A716-683349E0FF43}.Ad-Hoc|iPhoneSimulator.Build.0 = Ad-Hoc|iPhoneSimulator
		{7E2E194C-649F-4376-A716-683349E0FF43}.AppStore|Any CPU.ActiveCfg = AppStore|iPhone
		{7E2E194C-649F-4376-A716-683349E0FF43}.AppStore|iPhone.ActiveCfg = AppStore|iPhone
		{7E2E194C-649F-4376-A716-683349E0FF43}.AppStore|iPhone.Build.0 = AppStore|iPhone
		{7E2E194C-649F-4376-A716-683349E0FF43}.AppStore|iPhoneSimulator.ActiveCfg = AppStore|iPhoneSimulator
		{7E2E194C-649F-4376-A716-683349E0FF43}.AppStore|iPhoneSimulator.Build.0 = AppStore|iPhoneSimulator
		{7E2E194C-649F-4376-A716-683349E0FF43}.Debug|Any CPU.ActiveCfg = Debug|iPhone
		{7E2E194C-649F-4376-A716-683349E0FF43}.Debug|iPhone.ActiveCfg = Debug|iPhone
		{7E2E194C-649F-4376-A716-683349E0FF43}.Debug|iPhone.Build.0 = Debug|iPhone
		{7E2E194C-649F-4376-A716-683349E0FF43}.Debug|iPhoneSimulator.ActiveCfg = Debug|iPhoneSimulator
		{7E2E194C-649F-4376-A716-683349E0FF43}.Debug|iPhoneSimulator.Build.0 = Debug|iPhoneSimulator
		{7E2E194C-649F-4376-A716-683349E0FF43}.Release|Any CPU.ActiveCfg = Release|iPhone
		{7E2E194C-649F-4376-A716-683349E0FF43}.Release|iPhone.ActiveCfg = Release|iPhone
		{7E2E194C-649F-4376-A716-683349E0FF43}.Release|iPhone.Build.0 = Release|iPhone
		{7E2E194C-649F-4376-A716-683349E0FF43}.Release|iPhoneSimulator.ActiveCfg = Release|iPhoneSimulator
		{7E2E194C-649F-4376-A716-683349E0FF43}.Release|iPhoneSimulator.Build.0 = Release|iPhoneSimulator
	EndGlobalSection
	GlobalSection(SolutionProperties) = preSolution
		HideSolutionNode = FALSE
	EndGlobalSection
	GlobalSection(ExtensibilityGlobals) = postSolution
		SolutionGuid = {C66D9FC1-7361-4B54-9E97-B1535A8F03C4}
	EndGlobalSection
EndGlobal
